// !$*UTF8*$!
{
	archiveVersion = 1;
	classes = {
	};
	objectVersion = 56;
	objects = {

/* Begin PBXBuildFile section */
		049E99142BB716B400EF5001 /* CountryListViewModel.swift in Sources */ = {isa = PBXBuildFile; fileRef = 049E99132BB716B400EF5001 /* CountryListViewModel.swift */; };
		4C2072C52B96A14B00FDB83A /* CountryTableViewCell.swift in Sources */ = {isa = PBXBuildFile; fileRef = 4C2072C42B96A14B00FDB83A /* CountryTableViewCell.swift */; };
		4CD735022B94CED9008DEF93 /* AppDelegate.swift in Sources */ = {isa = PBXBuildFile; fileRef = 4CD735012B94CED9008DEF93 /* AppDelegate.swift */; };
		4CD735042B94CED9008DEF93 /* SceneDelegate.swift in Sources */ = {isa = PBXBuildFile; fileRef = 4CD735032B94CED9008DEF93 /* SceneDelegate.swift */; };
		4CD735062B94CED9008DEF93 /* ViewController.swift in Sources */ = {isa = PBXBuildFile; fileRef = 4CD735052B94CED9008DEF93 /* ViewController.swift */; };
		4CD735092B94CED9008DEF93 /* Main.storyboard in Resources */ = {isa = PBXBuildFile; fileRef = 4CD735072B94CED9008DEF93 /* Main.storyboard */; };
		4CD7350B2B94CEDF008DEF93 /* Assets.xcassets in Resources */ = {isa = PBXBuildFile; fileRef = 4CD7350A2B94CEDF008DEF93 /* Assets.xcassets */; };
		4CD7350E2B94CEDF008DEF93 /* LaunchScreen.storyboard in Resources */ = {isa = PBXBuildFile; fileRef = 4CD7350C2B94CEDF008DEF93 /* LaunchScreen.storyboard */; };
		4CD735162B94CF64008DEF93 /* Country.swift in Sources */ = {isa = PBXBuildFile; fileRef = 4CD735152B94CF64008DEF93 /* Country.swift */; };
/* End PBXBuildFile section */

/* Begin PBXFileReference section */
		049E99132BB716B400EF5001 /* CountryListViewModel.swift */ = {isa = PBXFileReference; lastKnownFileType = sourcecode.swift; path = CountryListViewModel.swift; sourceTree = "<group>"; };
		4C2072C42B96A14B00FDB83A /* CountryTableViewCell.swift */ = {isa = PBXFileReference; lastKnownFileType = sourcecode.swift; path = CountryTableViewCell.swift; sourceTree = "<group>"; };
		4CD734FE2B94CED9008DEF93 /* WalmartCodingTest.app */ = {isa = PBXFileReference; explicitFileType = wrapper.application; includeInIndex = 0; path = WalmartCodingTest.app; sourceTree = BUILT_PRODUCTS_DIR; };
		4CD735012B94CED9008DEF93 /* AppDelegate.swift */ = {isa = PBXFileReference; lastKnownFileType = sourcecode.swift; path = AppDelegate.swift; sourceTree = "<group>"; };
		4CD735032B94CED9008DEF93 /* SceneDelegate.swift */ = {isa = PBXFileReference; lastKnownFileType = sourcecode.swift; path = SceneDelegate.swift; sourceTree = "<group>"; };
		4CD735052B94CED9008DEF93 /* ViewController.swift */ = {isa = PBXFileReference; lastKnownFileType = sourcecode.swift; path = ViewController.swift; sourceTree = "<group>"; };
		4CD735082B94CED9008DEF93 /* Base */ = {isa = PBXFileReference; lastKnownFileType = file.storyboard; name = Base; path = Base.lproj/Main.storyboard; sourceTree = "<group>"; };
		4CD7350A2B94CEDF008DEF93 /* Assets.xcassets */ = {isa = PBXFileReference; lastKnownFileType = folder.assetcatalog; path = Assets.xcassets; sourceTree = "<group>"; };
		4CD7350D2B94CEDF008DEF93 /* Base */ = {isa = PBXFileReference; lastKnownFileType = file.storyboard; name = Base; path = Base.lproj/LaunchScreen.storyboard; sourceTree = "<group>"; };
		4CD7350F2B94CEDF008DEF93 /* Info.plist */ = {isa = PBXFileReference; lastKnownFileType = text.plist.xml; path = Info.plist; sourceTree = "<group>"; };
		4CD735152B94CF64008DEF93 /* Country.swift */ = {isa = PBXFileReference; lastKnownFileType = sourcecode.swift; path = Country.swift; sourceTree = "<group>"; };
/* End PBXFileReference section */

/* Begin PBXFrameworksBuildPhase section */
		4CD734FB2B94CED9008DEF93 /* Frameworks */ = {
			isa = PBXFrameworksBuildPhase;
			buildActionMask = 2147483647;
			files = (
			);
			runOnlyForDeploymentPostprocessing = 0;
		};
/* End PBXFrameworksBuildPhase section */

/* Begin PBXGroup section */
		049E99102BB7164200EF5001 /* Model */ = {
			isa = PBXGroup;
			children = (
				4CD735152B94CF64008DEF93 /* Country.swift */,
			);
			path = Model;
			sourceTree = "<group>";
		};
		049E99112BB7164A00EF5001 /* View */ = {
			isa = PBXGroup;
			children = (
				4C2072C42B96A14B00FDB83A /* CountryTableViewCell.swift */,
				4CD735052B94CED9008DEF93 /* ViewController.swift */,
			);
			path = View;
			sourceTree = "<group>";
		};
		049E99122BB7165100EF5001 /* ViewModel */ = {
			isa = PBXGroup;
			children = (
				049E99132BB716B400EF5001 /* CountryListViewModel.swift */,
			);
			path = ViewModel;
			sourceTree = "<group>";
		};
		4CD734F52B94CED8008DEF93 = {
			isa = PBXGroup;
			children = (
				4CD735002B94CED9008DEF93 /* WalmartCodingTest */,
				4CD734FF2B94CED9008DEF93 /* Products */,
			);
			sourceTree = "<group>";
		};
		4CD734FF2B94CED9008DEF93 /* Products */ = {
			isa = PBXGroup;
			children = (
				4CD734FE2B94CED9008DEF93 /* WalmartCodingTest.app */,
			);
			name = Products;
			sourceTree = "<group>";
		};
		4CD735002B94CED9008DEF93 /* WalmartCodingTest */ = {
			isa = PBXGroup;
			children = (
				049E99122BB7165100EF5001 /* ViewModel */,
				049E99112BB7164A00EF5001 /* View */,
				049E99102BB7164200EF5001 /* Model */,
				4CD735012B94CED9008DEF93 /* AppDelegate.swift */,
				4CD735032B94CED9008DEF93 /* SceneDelegate.swift */,
				4CD735072B94CED9008DEF93 /* Main.storyboard */,
				4CD7350A2B94CEDF008DEF93 /* Assets.xcassets */,
				4CD7350C2B94CEDF008DEF93 /* LaunchScreen.storyboard */,
				4CD7350F2B94CEDF008DEF93 /* Info.plist */,
			);
			path = WalmartCodingTest;
			sourceTree = "<group>";
		};
/* End PBXGroup section */

/* Begin PBXNativeTarget section */
		4CD734FD2B94CED9008DEF93 /* WalmartCodingTest */ = {
			isa = PBXNativeTarget;
			buildConfigurationList = 4CD735122B94CEE0008DEF93 /* Build configuration list for PBXNativeTarget "WalmartCodingTest" */;
			buildPhases = (
				4CD734FA2B94CED9008DEF93 /* Sources */,
				4CD734FB2B94CED9008DEF93 /* Frameworks */,
				4CD734FC2B94CED9008DEF93 /* Resources */,
			);
			buildRules = (
			);
			dependencies = (
			);
			name = WalmartCodingTest;
			productName = WalmartCodingTest;
			productReference = 4CD734FE2B94CED9008DEF93 /* WalmartCodingTest.app */;
			productType = "com.apple.product-type.application";
		};
/* End PBXNativeTarget section */

/* Begin PBXProject section */
		4CD734F62B94CED8008DEF93 /* Project object */ = {
			isa = PBXProject;
			attributes = {
				BuildIndependentTargetsInParallel = 1;
				LastSwiftUpdateCheck = 1420;
				LastUpgradeCheck = 1420;
				TargetAttributes = {
					4CD734FD2B94CED9008DEF93 = {
						CreatedOnToolsVersion = 14.2;
					};
				};
			};
			buildConfigurationList = 4CD734F92B94CED8008DEF93 /* Build configuration list for PBXProject "WalmartCodingTest" */;
			compatibilityVersion = "Xcode 14.0";
			developmentRegion = en;
			hasScannedForEncodings = 0;
			knownRegions = (
				en,
				Base,
			);
			mainGroup = 4CD734F52B94CED8008DEF93;
			productRefGroup = 4CD734FF2B94CED9008DEF93 /* Products */;
			projectDirPath = "";
			projectRoot = "";
			targets = (
				4CD734FD2B94CED9008DEF93 /* WalmartCodingTest */,
			);
		};
/* End PBXProject section */

/* Begin PBXResourcesBuildPhase section */
		4CD734FC2B94CED9008DEF93 /* Resources */ = {
			isa = PBXResourcesBuildPhase;
			buildActionMask = 2147483647;
			files = (
				4CD7350E2B94CEDF008DEF93 /* LaunchScreen.storyboard in Resources */,
				4CD7350B2B94CEDF008DEF93 /* Assets.xcassets in Resources */,
				4CD735092B94CED9008DEF93 /* Main.storyboard in Resources */,
			);
			runOnlyForDeploymentPostprocessing = 0;
		};
/* End PBXResourcesBuildPhase section */

/* Begin PBXSourcesBuildPhase section */
		4CD734FA2B94CED9008DEF93 /* Sources */ = {
			isa = PBXSourcesBuildPhase;
			buildActionMask = 2147483647;
			files = (
				4C2072C52B96A14B00FDB83A /* CountryTableViewCell.swift in Sources */,
				4CD735162B94CF64008DEF93 /* Country.swift in Sources */,
				4CD735062B94CED9008DEF93 /* ViewController.swift in Sources */,
				049E99142BB716B400EF5001 /* CountryListViewModel.swift in Sources */,
				4CD735022B94CED9008DEF93 /* AppDelegate.swift in Sources */,
				4CD735042B94CED9008DEF93 /* SceneDelegate.swift in Sources */,
			);
			runOnlyForDeploymentPostprocessing = 0;
		};
/* End PBXSourcesBuildPhase section */

/* Begin PBXVariantGroup section */
		4CD735072B94CED9008DEF93 /* Main.storyboard */ = {
			isa = PBXVariantGroup;
			children = (
				4CD735082B94CED9008DEF93 /* Base */,
			);
			name = Main.storyboard;
			sourceTree = "<group>";
		};
		4CD7350C2B94CEDF008DEF93 /* LaunchScreen.storyboard */ = {
			isa = PBXVariantGroup;
			children = (
				4CD7350D2B94CEDF008DEF93 /* Base */,
			);
			name = LaunchScreen.storyboard;
			sourceTree = "<group>";
		};
/* End PBXVariantGroup section */

/* Begin XCBuildConfiguration section */
		4CD735102B94CEDF008DEF93 /* Debug */ = {
			isa = XCBuildConfiguration;
			buildSettings = {
				ALWAYS_SEARCH_USER_PATHS = NO;
				CLANG_ANALYZER_NONNULL = YES;
				CLANG_ANALYZER_NUMBER_OBJECT_CONVERSION = YES_AGGRESSIVE;
				CLANG_CXX_LANGUAGE_STANDARD = "gnu++20";
				CLANG_ENABLE_MODULES = YES;
				CLANG_ENABLE_OBJC_ARC = YES;
				CLANG_ENABLE_OBJC_WEAK = YES;
				CLANG_WARN_BLOCK_CAPTURE_AUTORELEASING = YES;
				CLANG_WARN_BOOL_CONVERSION = YES;
				CLANG_WARN_COMMA = YES;
				CLANG_WARN_CONSTANT_CONVERSION = YES;
				CLANG_WARN_DEPRECATED_OBJC_IMPLEMENTATIONS = YES;
				CLANG_WARN_DIRECT_OBJC_ISA_USAGE = YES_ERROR;
				CLANG_WARN_DOCUMENTATION_COMMENTS = YES;
				CLANG_WARN_EMPTY_BODY = YES;
				CLANG_WARN_ENUM_CONVERSION = YES;
				CLANG_WARN_INFINITE_RECURSION = YES;
				CLANG_WARN_INT_CONVERSION = YES;
				CLANG_WARN_NON_LITERAL_NULL_CONVERSION = YES;
				CLANG_WARN_OBJC_IMPLICIT_RETAIN_SELF = YES;
				CLANG_WARN_OBJC_LITERAL_CONVERSION = YES;
				CLANG_WARN_OBJC_ROOT_CLASS = YES_ERROR;
				CLANG_WARN_QUOTED_INCLUDE_IN_FRAMEWORK_HEADER = YES;
				CLANG_WARN_RANGE_LOOP_ANALYSIS = YES;
				CLANG_WARN_STRICT_PROTOTYPES = YES;
				CLANG_WARN_SUSPICIOUS_MOVE = YES;
				CLANG_WARN_UNGUARDED_AVAILABILITY = YES_AGGRESSIVE;
				CLANG_WARN_UNREACHABLE_CODE = YES;
				CLANG_WARN__DUPLICATE_METHOD_MATCH = YES;
				COPY_PHASE_STRIP = NO;
				DEBUG_INFORMATION_FORMAT = dwarf;
				ENABLE_STRICT_OBJC_MSGSEND = YES;
				ENABLE_TESTABILITY = YES;
				GCC_C_LANGUAGE_STANDARD = gnu11;
				GCC_DYNAMIC_NO_PIC = NO;
				GCC_NO_COMMON_BLOCKS = YES;
				GCC_OPTIMIZATION_LEVEL = 0;
				GCC_PREPROCESSOR_DEFINITIONS = (
					"DEBUG=1",
					"$(inherited)",
				);
				GCC_WARN_64_TO_32_BIT_CONVERSION = YES;
				GCC_WARN_ABOUT_RETURN_TYPE = YES_ERROR;
				GCC_WARN_UNDECLARED_SELECTOR = YES;
				GCC_WARN_UNINITIALIZED_AUTOS = YES_AGGRESSIVE;
				GCC_WARN_UNUSED_FUNCTION = YES;
				GCC_WARN_UNUSED_VARIABLE = YES;
				IPHONEOS_DEPLOYMENT_TARGET = 16.2;
				MTL_ENABLE_DEBUG_INFO = INCLUDE_SOURCE;
				MTL_FAST_MATH = YES;
				ONLY_ACTIVE_ARCH = YES;
				SDKROOT = iphoneos;
				SWIFT_ACTIVE_COMPILATION_CONDITIONS = DEBUG;
				SWIFT_OPTIMIZATION_LEVEL = "-Onone";
			};
			name = Debug;
		};
		4CD735112B94CEDF008DEF93 /* Release */ = {
			isa = XCBuildConfiguration;
			buildSettings = {
				ALWAYS_SEARCH_USER_PATHS = NO;
				CLANG_ANALYZER_NONNULL = YES;
				CLANG_ANALYZER_NUMBER_OBJECT_CONVERSION = YES_AGGRESSIVE;
				CLANG_CXX_LANGUAGE_STANDARD = "gnu++20";
				CLANG_ENABLE_MODULES = YES;
				CLANG_ENABLE_OBJC_ARC = YES;
				CLANG_ENABLE_OBJC_WEAK = YES;
				CLANG_WARN_BLOCK_CAPTURE_AUTORELEASING = YES;
				CLANG_WARN_BOOL_CONVERSION = YES;
				CLANG_WARN_COMMA = YES;
				CLANG_WARN_CONSTANT_CONVERSION = YES;
				CLANG_WARN_DEPRECATED_OBJC_IMPLEMENTATIONS = YES;
				CLANG_WARN_DIRECT_OBJC_ISA_USAGE = YES_ERROR;
				CLANG_WARN_DOCUMENTATION_COMMENTS = YES;
				CLANG_WARN_EMPTY_BODY = YES;
				CLANG_WARN_ENUM_CONVERSION = YES;
				CLANG_WARN_INFINITE_RECURSION = YES;
				CLANG_WARN_INT_CONVERSION = YES;
				CLANG_WARN_NON_LITERAL_NULL_CONVERSION = YES;
				CLANG_WARN_OBJC_IMPLICIT_RETAIN_SELF = YES;
				CLANG_WARN_OBJC_LITERAL_CONVERSION = YES;
				CLANG_WARN_OBJC_ROOT_CLASS = YES_ERROR;
				CLANG_WARN_QUOTED_INCLUDE_IN_FRAMEWORK_HEADER = YES;
				CLANG_WARN_RANGE_LOOP_ANALYSIS = YES;
				CLANG_WARN_STRICT_PROTOTYPES = YES;
				CLANG_WARN_SUSPICIOUS_MOVE = YES;
				CLANG_WARN_UNGUARDED_AVAILABILITY = YES_AGGRESSIVE;
				CLANG_WARN_UNREACHABLE_CODE = YES;
				CLANG_WARN__DUPLICATE_METHOD_MATCH = YES;
				COPY_PHASE_STRIP = NO;
				DEBUG_INFORMATION_FORMAT = "dwarf-with-dsym";
				ENABLE_NS_ASSERTIONS = NO;
				ENABLE_STRICT_OBJC_MSGSEND = YES;
				GCC_C_LANGUAGE_STANDARD = gnu11;
				GCC_NO_COMMON_BLOCKS = YES;
				GCC_WARN_64_TO_32_BIT_CONVERSION = YES;
				GCC_WARN_ABOUT_RETURN_TYPE = YES_ERROR;
				GCC_WARN_UNDECLARED_SELECTOR = YES;
				GCC_WARN_UNINITIALIZED_AUTOS = YES_AGGRESSIVE;
				GCC_WARN_UNUSED_FUNCTION = YES;
				GCC_WARN_UNUSED_VARIABLE = YES;
				IPHONEOS_DEPLOYMENT_TARGET = 16.2;
				MTL_ENABLE_DEBUG_INFO = NO;
				MTL_FAST_MATH = YES;
				SDKROOT = iphoneos;
				SWIFT_COMPILATION_MODE = wholemodule;
				SWIFT_OPTIMIZATION_LEVEL = "-O";
				VALIDATE_PRODUCT = YES;
			};
			name = Release;
		};
		4CD735132B94CEE0008DEF93 /* Debug */ = {
			isa = XCBuildConfiguration;
			buildSettings = {
				ASSETCATALOG_COMPILER_APPICON_NAME = AppIcon;
				ASSETCATALOG_COMPILER_GLOBAL_ACCENT_COLOR_NAME = AccentColor;
				CODE_SIGN_STYLE = Automatic;
				CURRENT_PROJECT_VERSION = 1;
				GENERATE_INFOPLIST_FILE = YES;
				INFOPLIST_FILE = WalmartCodingTest/Info.plist;
				INFOPLIST_KEY_UIApplicationSupportsIndirectInputEvents = YES;
				INFOPLIST_KEY_UILaunchStoryboardName = LaunchScreen;
				INFOPLIST_KEY_UIMainStoryboardFile = Main;
				INFOPLIST_KEY_UISupportedInterfaceOrientations_iPad = "UIInterfaceOrientationPortrait UIInterfaceOrientationPortraitUpsideDown UIInterfaceOrientationLandscapeLeft UIInterfaceOrientationLandscapeRight";
				INFOPLIST_KEY_UISupportedInterfaceOrientations_iPhone = "UIInterfaceOrientationPortrait UIInterfaceOrientationLandscapeLeft UIInterfaceOrientationLandscapeRight";
				LD_RUNPATH_SEARCH_PATHS = (
					"$(inherited)",
					"@executable_path/Frameworks",
				);
				MARKETING_VERSION = 1.0;
				PRODUCT_BUNDLE_IDENTIFIER = com.hogan.brian.sample.app.WalmartCodingTest;
				PRODUCT_NAME = "$(TARGET_NAME)";
				SWIFT_EMIT_LOC_STRINGS = YES;
				SWIFT_VERSION = 5.0;
				TARGETED_DEVICE_FAMILY = "1,2";
			};
			name = Debug;
		};
		4CD735142B94CEE0008DEF93 /* Release */ = {
			isa = XCBuildConfiguration;
			buildSettings = {
				ASSETCATALOG_COMPILER_APPICON_NAME = AppIcon;
				ASSETCATALOG_COMPILER_GLOBAL_ACCENT_COLOR_NAME = AccentColor;
				CODE_SIGN_STYLE = Automatic;
				CURRENT_PROJECT_VERSION = 1;
				GENERATE_INFOPLIST_FILE = YES;
				INFOPLIST_FILE = WalmartCodingTest/Info.plist;
				INFOPLIST_KEY_UIApplicationSupportsIndirectInputEvents = YES;
				INFOPLIST_KEY_UILaunchStoryboardName = LaunchScreen;
				INFOPLIST_KEY_UIMainStoryboardFile = Main;
				INFOPLIST_KEY_UISupportedInterfaceOrientations_iPad = "UIInterfaceOrientationPortrait UIInterfaceOrientationPortraitUpsideDown UIInterfaceOrientationLandscapeLeft UIInterfaceOrientationLandscapeRight";
				INFOPLIST_KEY_UISupportedInterfaceOrientations_iPhone = "UIInterfaceOrientationPortrait UIInterfaceOrientationLandscapeLeft UIInterfaceOrientationLandscapeRight";
				LD_RUNPATH_SEARCH_PATHS = (
					"$(inherited)",
					"@executable_path/Frameworks",
				);
				MARKETING_VERSION = 1.0;
				PRODUCT_BUNDLE_IDENTIFIER = com.hogan.brian.sample.app.WalmartCodingTest;
				PRODUCT_NAME = "$(TARGET_NAME)";
				SWIFT_EMIT_LOC_STRINGS = YES;
				SWIFT_VERSION = 5.0;
				TARGETED_DEVICE_FAMILY = "1,2";
			};
			name = Release;
		};
/* End XCBuildConfiguration section */

/* Begin XCConfigurationList section */
		4CD734F92B94CED8008DEF93 /* Build configuration list for PBXProject "WalmartCodingTest" */ = {
			isa = XCConfigurationList;
			buildConfigurations = (
				4CD735102B94CEDF008DEF93 /* Debug */,
				4CD735112B94CEDF008DEF93 /* Release */,
			);
			defaultConfigurationIsVisible = 0;
			defaultConfigurationName = Release;
		};
		4CD735122B94CEE0008DEF93 /* Build configuration list for PBXNativeTarget "WalmartCodingTest" */ = {
			isa = XCConfigurationList;
			buildConfigurations = (
				4CD735132B94CEE0008DEF93 /* Debug */,
				4CD735142B94CEE0008DEF93 /* Release */,
			);
			defaultConfigurationIsVisible = 0;
			defaultConfigurationName = Release;
		};
/* End XCConfigurationList section */
	};
	rootObject = 4CD734F62B94CED8008DEF93 /* Project object */;
}
